
Microsoft Visual Studio Solution File, Format Version 12.00
# Visual Studio Version 16
VisualStudioVersion = 16.0.29009.5
MinimumVisualStudioVersion = 10.0.40219.1
Project("{9A19103F-16F7-4668-BE54-9A1E7A4F7556}") = "BlogPlatform", "BlogPlatform\BlogPlatform.csproj", "{6AC23F05-0BE7-4AE9-B7A7-101EE9A7891F}"
EndProject
Project("{2150E333-8FDC-42A3-9474-1A3956D46DE8}") = "Solution Items", "Solution Items", "{FB07C180-36BD-4B4A-A4AB-00E14F83FB8D}"
	ProjectSection(SolutionItems) = preProject
		Requirements.txt = Requirements.txt
	EndProjectSection
EndProject
Project("{FAE04EC0-301F-11D3-BF4B-00C04F79EFBC}") = "BlogPlatformTest", "BlogPlatformTest\BlogPlatformTest.csproj", "{9195E056-F76E-4D20-BE08-D2E5B3CDC544}"
EndProject
Global
	GlobalSection(SolutionConfigurationPlatforms) = preSolution
		Debug|Any CPU = Debug|Any CPU
		Release|Any CPU = Release|Any CPU
	EndGlobalSection
	GlobalSection(ProjectConfigurationPlatforms) = postSolution
		{6AC23F05-0BE7-4AE9-B7A7-101EE9A7891F}.Debug|Any CPU.ActiveCfg = Debug|Any CPU
		{6AC23F05-0BE7-4AE9-B7A7-101EE9A7891F}.Debug|Any CPU.Build.0 = Debug|Any CPU
		{6AC23F05-0BE7-4AE9-B7A7-101EE9A7891F}.Release|Any CPU.ActiveCfg = Release|Any CPU
		{6AC23F05-0BE7-4AE9-B7A7-101EE9A7891F}.Release|Any CPU.Build.0 = Release|Any CPU
		{9195E056-F76E-4D20-BE08-D2E5B3CDC544}.Debug|Any CPU.ActiveCfg = Debug|Any CPU
		{9195E056-F76E-4D20-BE08-D2E5B3CDC544}.Debug|Any CPU.Build.0 = Debug|Any CPU
		{9195E056-F76E-4D20-BE08-D2E5B3CDC544}.Release|Any CPU.ActiveCfg = Release|Any CPU
		{9195E056-F76E-4D20-BE08-D2E5B3CDC544}.Release|Any CPU.Build.0 = Release|Any CPU
	EndGlobalSection
	GlobalSection(SolutionProperties) = preSolution
		HideSolutionNode = FALSE
	EndGlobalSection
	GlobalSection(ExtensibilityGlobals) = postSolution
		SolutionGuid = {A502E701-36EA-4E63-82EE-DF3F2202EE03}
	EndGlobalSection
EndGlobal
